{
  "name": "FinSight AI",
  "lockfileVersion": 3,
  "requires": true,
  "packages": {
    "": {
      "dependencies": {
        "humanize-this": "^2.2.2"
      }
    },
    "node_modules/humanize-this": {
      "version": "2.2.2",
      "resolved": "https://registry.npmjs.org/humanize-this/-/humanize-this-2.2.2.tgz",
      "integrity": "sha512-pipLYYiT81aPwal1pCWaT717k64JTcHbFmpr87Zc/onT0gVCNUT3xRoWBQtBRMRqNHE4kjXiswcLx0bOkvefNA==",
      "license": "MIT"
    }
  }
}
